
Microsoft Visual Studio Solution File, Format Version 12.00
# Visual Studio 15
VisualStudioVersion = 15.0.27130.2036
MinimumVisualStudioVersion = 10.0.40219.1
Project("{FAE04EC0-301F-11D3-BF4B-00C04F79EFBC}") = "PortalOverlapDetector", "PortalOverlapDetector\PortalOverlapDetector.csproj", "{D042AADE-D06C-47D9-A850-0A53D4887727}"
EndProject
Global
	GlobalSection(SolutionConfigurationPlatforms) = preSolution
		Debug|Any CPU = Debug|Any CPU
		Release|Any CPU = Release|Any CPU
	EndGlobalSection
	GlobalSection(ProjectConfigurationPlatforms) = postSolution
		{D042AADE-D06C-47D9-A850-0A53D4887727}.Debug|Any CPU.ActiveCfg = Debug|Any CPU
		{D042AADE-D06C-47D9-A850-0A53D4887727}.Debug|Any CPU.Build.0 = Debug|Any CPU
		{D042AADE-D06C-47D9-A850-0A53D4887727}.Release|Any CPU.ActiveCfg = Release|Any CPU
		{D042AADE-D06C-47D9-A850-0A53D4887727}.Release|Any CPU.Build.0 = Release|Any CPU
	EndGlobalSection
	GlobalSection(SolutionProperties) = preSolution
		HideSolutionNode = FALSE
	EndGlobalSection
	GlobalSection(ExtensibilityGlobals) = postSolution
		SolutionGuid = {CF01DFD4-E168-4069-85BE-10F81190793A}
	EndGlobalSection
EndGlobal
